hash: edbf85c0854af5c4ae88818e20bde1f2a9fa5b4ac77b1061ff8cd32df10408e9
updated: 2017-02-26T00:10:12.711685697+03:00
imports:
- name: github.com/gojuno/generator
  version: 329e7633e3e2073dcd699719613cb4ed67cf28de
- name: github.com/opentracing/opentracing-go
  version: 6edb48674bd9467b8e91fda004f2bd7202d60ce4
  subpackages:
  - log
- name: github.com/pkg/errors
  version: 645ef00459ed84a119197bfb8d8205042c6df63d
- name: golang.org/x/net
  version: 10c134ea0df15f7e34d789338c7a2d76cc7a3ab9
  subpackages:
  - context
- name: golang.org/x/tools
  version: 496819729719f9d07692195e0a94d6edd2251389
  subpackages:
  - go/ast/astutil
  - go/buildutil
  - go/loader
  - imports
testImports: []
